
Microsoft Visual Studio Solution File, Format Version 12.00
# Visual Studio Version 17
VisualStudioVersion = 17.13.35806.99 d17.13
MinimumVisualStudioVersion = 10.0.40219.1
Project("{FAE04EC0-301F-11D3-BF4B-00C04F79EFBC}") = "ModeloGarantiaTCS", "ModeloGarantiaTCS\ModeloGarantiaTCS.csproj", "{3586CC26-C58C-4061-A0D3-8D404520DDA4}"
EndProject
Global
	GlobalSection(SolutionConfigurationPlatforms) = preSolution
		Debug|Any CPU = Debug|Any CPU
		Release|Any CPU = Release|Any CPU
	EndGlobalSection
	GlobalSection(ProjectConfigurationPlatforms) = postSolution
		{3586CC26-C58C-4061-A0D3-8D404520DDA4}.Debug|Any CPU.ActiveCfg = Debug|Any CPU
		{3586CC26-C58C-4061-A0D3-8D404520DDA4}.Debug|Any CPU.Build.0 = Debug|Any CPU
		{3586CC26-C58C-4061-A0D3-8D404520DDA4}.Release|Any CPU.ActiveCfg = Release|Any CPU
		{3586CC26-C58C-4061-A0D3-8D404520DDA4}.Release|Any CPU.Build.0 = Release|Any CPU
	EndGlobalSection
	GlobalSection(SolutionProperties) = preSolution
		HideSolutionNode = FALSE
	EndGlobalSection
	GlobalSection(ExtensibilityGlobals) = postSolution
		SolutionGuid = {14E5B4AD-D27C-44E5-A92A-6F1490C49FAE}
	EndGlobalSection
EndGlobal
